
Microsoft Visual Studio Solution File, Format Version 12.00
# Visual Studio Version 16
VisualStudioVersion = 16.0.30114.105
MinimumVisualStudioVersion = 10.0.40219.1
Project("{2150E333-8FDC-42A3-9474-1A3956D46DE8}") = "src", "src", "{3827F8EA-D5A9-42BF-8608-0082A8796A11}"
EndProject
Project("{FAE04EC0-301F-11D3-BF4B-00C04F79EFBC}") = "Perfy", "src\Perfy\Perfy.csproj", "{1AB360E0-A432-4ED0-AB69-DD7D3A12093B}"
EndProject
Project("{FAE04EC0-301F-11D3-BF4B-00C04F79EFBC}") = "Perfy.CLI", "src\Perfy.CLI\Perfy.CLI.csproj", "{53579C87-9C94-413A-852C-B85F5407F0A1}"
EndProject
Global
	GlobalSection(SolutionConfigurationPlatforms) = preSolution
		Debug|Any CPU = Debug|Any CPU
		Release|Any CPU = Release|Any CPU
	EndGlobalSection
	GlobalSection(SolutionProperties) = preSolution
		HideSolutionNode = FALSE
	EndGlobalSection
	GlobalSection(ProjectConfigurationPlatforms) = postSolution
		{1AB360E0-A432-4ED0-AB69-DD7D3A12093B}.Debug|Any CPU.ActiveCfg = Debug|Any CPU
		{1AB360E0-A432-4ED0-AB69-DD7D3A12093B}.Debug|Any CPU.Build.0 = Debug|Any CPU
		{1AB360E0-A432-4ED0-AB69-DD7D3A12093B}.Release|Any CPU.ActiveCfg = Release|Any CPU
		{1AB360E0-A432-4ED0-AB69-DD7D3A12093B}.Release|Any CPU.Build.0 = Release|Any CPU
		{53579C87-9C94-413A-852C-B85F5407F0A1}.Debug|Any CPU.ActiveCfg = Debug|Any CPU
		{53579C87-9C94-413A-852C-B85F5407F0A1}.Debug|Any CPU.Build.0 = Debug|Any CPU
		{53579C87-9C94-413A-852C-B85F5407F0A1}.Release|Any CPU.ActiveCfg = Release|Any CPU
		{53579C87-9C94-413A-852C-B85F5407F0A1}.Release|Any CPU.Build.0 = Release|Any CPU
	EndGlobalSection
	GlobalSection(NestedProjects) = preSolution
		{1AB360E0-A432-4ED0-AB69-DD7D3A12093B} = {3827F8EA-D5A9-42BF-8608-0082A8796A11}
		{53579C87-9C94-413A-852C-B85F5407F0A1} = {3827F8EA-D5A9-42BF-8608-0082A8796A11}
	EndGlobalSection
EndGlobal
